Microsoft Visual Studio Solution File, Format Version 12.00
# Visual Studio Version 17
VisualStudioVersion = 17.0.31903.59
MinimumVisualStudioVersion = 10.0.40219.1

# Authentik Credential Provider - Main credential provider DLL
Project("{8BC9CEB8-8B4A-11D0-8D11-00A0C91BC942}") = "AuthentikCredentialProvider", "AuthentikCredentialProvider\AuthentikCredentialProvider.vcxproj", "{A1B2C3D4-E5F6-7890-ABCD-EF1234567890}"
EndProject

# Authentik KSP - Custom Key Storage Provider DLL
Project("{8BC9CEB8-8B4A-11D0-8D11-00A0C91BC942}") = "AuthentikKSP", "AuthentikKSP\AuthentikKSP.vcxproj", "{5A9C4F8E-3B7D-4E6F-A1C9-8D7E5F6A4B2C}"
EndProject

# Shared - Common headers and utilities
Project("{2150E333-8FDC-42A3-9474-1A3956D46DE8}") = "Shared", "Shared", "{SHARED01-0000-0000-0000-000000000000}"
	ProjectSection(SolutionItems) = preProject
		Shared\SharedMemory.h = Shared\SharedMemory.h
	EndProjectSection
EndProject

Global
	GlobalSection(SolutionConfigurationPlatforms) = preSolution
		Debug|x64 = Debug|x64
		Debug|x86 = Debug|x86
		Release|x64 = Release|x64
		Release|x86 = Release|x86
	EndGlobalSection
	GlobalSection(ProjectConfigurationPlatforms) = postSolution
		{A1B2C3D4-E5F6-7890-ABCD-EF1234567890}.Debug|x64.ActiveCfg = Debug|x64
		{A1B2C3D4-E5F6-7890-ABCD-EF1234567890}.Debug|x64.Build.0 = Debug|x64
		{A1B2C3D4-E5F6-7890-ABCD-EF1234567890}.Debug|x86.ActiveCfg = Debug|Win32
		{A1B2C3D4-E5F6-7890-ABCD-EF1234567890}.Debug|x86.Build.0 = Debug|Win32
		{A1B2C3D4-E5F6-7890-ABCD-EF1234567890}.Release|x64.ActiveCfg = Release|x64
		{A1B2C3D4-E5F6-7890-ABCD-EF1234567890}.Release|x64.Build.0 = Release|x64
		{A1B2C3D4-E5F6-7890-ABCD-EF1234567890}.Release|x86.ActiveCfg = Release|Win32
		{A1B2C3D4-E5F6-7890-ABCD-EF1234567890}.Release|x86.Build.0 = Release|Win32
		{5A9C4F8E-3B7D-4E6F-A1C9-8D7E5F6A4B2C}.Debug|x64.ActiveCfg = Debug|x64
		{5A9C4F8E-3B7D-4E6F-A1C9-8D7E5F6A4B2C}.Debug|x64.Build.0 = Debug|x64
		{5A9C4F8E-3B7D-4E6F-A1C9-8D7E5F6A4B2C}.Debug|x86.ActiveCfg = Debug|Win32
		{5A9C4F8E-3B7D-4E6F-A1C9-8D7E5F6A4B2C}.Debug|x86.Build.0 = Debug|Win32
		{5A9C4F8E-3B7D-4E6F-A1C9-8D7E5F6A4B2C}.Release|x64.ActiveCfg = Release|x64
		{5A9C4F8E-3B7D-4E6F-A1C9-8D7E5F6A4B2C}.Release|x64.Build.0 = Release|x64
		{5A9C4F8E-3B7D-4E6F-A1C9-8D7E5F6A4B2C}.Release|x86.ActiveCfg = Release|Win32
		{5A9C4F8E-3B7D-4E6F-A1C9-8D7E5F6A4B2C}.Release|x86.Build.0 = Release|Win32
	EndGlobalSection
	GlobalSection(SolutionProperties) = preSolution
		HideSolutionNode = FALSE
	EndGlobalSection
	GlobalSection(ExtensibilityGlobals) = postSolution
		SolutionGuid = {12345678-ABCD-EF00-1234-567890ABCDEF}
	EndGlobalSection
EndGlobal
